
Microsoft Visual Studio Solution File, Format Version 12.00
# Visual Studio Version 16
VisualStudioVersion = 16.0.30114.105
MinimumVisualStudioVersion = 10.0.40219.1
Project("{9A19103F-16F7-4668-BE54-9A1E7A4F7556}") = "CypherBot", "CypherTools.Bot\CypherBot.csproj", "{C915F433-31DB-463C-8E9E-7A1A456B7382}"
EndProject
Global
	GlobalSection(SolutionConfigurationPlatforms) = preSolution
		Debug|Any CPU = Debug|Any CPU
		Release|Any CPU = Release|Any CPU
	EndGlobalSection
	GlobalSection(ProjectConfigurationPlatforms) = postSolution
		{C915F433-31DB-463C-8E9E-7A1A456B7382}.Debug|Any CPU.ActiveCfg = Debug|Any CPU
		{C915F433-31DB-463C-8E9E-7A1A456B7382}.Debug|Any CPU.Build.0 = Debug|Any CPU
		{C915F433-31DB-463C-8E9E-7A1A456B7382}.Release|Any CPU.ActiveCfg = Release|Any CPU
		{C915F433-31DB-463C-8E9E-7A1A456B7382}.Release|Any CPU.Build.0 = Release|Any CPU
	EndGlobalSection
	GlobalSection(SolutionProperties) = preSolution
		HideSolutionNode = FALSE
	EndGlobalSection
	GlobalSection(ExtensibilityGlobals) = postSolution
		SolutionGuid = {62E1E581-23E8-437F-9C3B-2DF291D3D62B}
	EndGlobalSection
EndGlobal
